// !$*UTF8*$!
{
	archiveVersion = 1;
	classes = {
	};
	objectVersion = 56;
	objects = {

/* Begin PBXBuildFile section */
		954254F52CCE6A9000A152CC /* LittleLemonApp.swift in Sources */ = {isa = PBXBuildFile; fileRef = 954254F42CCE6A9000A152CC /* LittleLemonApp.swift */; };
		954254F92CCE6A9100A152CC /* Assets.xcassets in Resources */ = {isa = PBXBuildFile; fileRef = 954254F82CCE6A9100A152CC /* Assets.xcassets */; };
		954254FC2CCE6A9100A152CC /* Preview Assets.xcassets in Resources */ = {isa = PBXBuildFile; fileRef = 954254FB2CCE6A9100A152CC /* Preview Assets.xcassets */; };
		9542550B2CCE9EC700A152CC /* Onboarding.swift in Sources */ = {isa = PBXBuildFile; fileRef = 9542550A2CCE9EC700A152CC /* Onboarding.swift */; };
		956100972CCEDA6E003B6862 /* UserProfile.swift in Sources */ = {isa = PBXBuildFile; fileRef = 956100962CCEDA6E003B6862 /* UserProfile.swift */; };
		9566715B2CD50BFA0058BDA0 /* HeroView.swift in Sources */ = {isa = PBXBuildFile; fileRef = 9566715A2CD50BFA0058BDA0 /* HeroView.swift */; };
		9566715D2CD53A170058BDA0 /* ProfileImageView.swift in Sources */ = {isa = PBXBuildFile; fileRef = 9566715C2CD53A170058BDA0 /* ProfileImageView.swift */; };
		9566715F2CD53DD00058BDA0 /* HeaderView.swift in Sources */ = {isa = PBXBuildFile; fileRef = 9566715E2CD53DD00058BDA0 /* HeaderView.swift */; };
		95A2F3332CCEAB3B005278DD /* Extensions.swift in Sources */ = {isa = PBXBuildFile; fileRef = 95A2F3322CCEAB3B005278DD /* Extensions.swift */; };
		95A2F3362CCEBC0D005278DD /* Home.swift in Sources */ = {isa = PBXBuildFile; fileRef = 95A2F3352CCEBC0D005278DD /* Home.swift */; };
		95A2F3382CCEBC81005278DD /* Menu.swift in Sources */ = {isa = PBXBuildFile; fileRef = 95A2F3372CCEBC81005278DD /* Menu.swift */; };
		95FFEE982CD3F6E400FAADE2 /* Persistence.swift in Sources */ = {isa = PBXBuildFile; fileRef = 95FFEE962CD3F6E300FAADE2 /* Persistence.swift */; };
		95FFEE992CD3F6E400FAADE2 /* FetchedObjects.swift in Sources */ = {isa = PBXBuildFile; fileRef = 95FFEE972CD3F6E300FAADE2 /* FetchedObjects.swift */; };
		95FFEE9C2CD3F78500FAADE2 /* MenuList.swift in Sources */ = {isa = PBXBuildFile; fileRef = 95FFEE9B2CD3F78500FAADE2 /* MenuList.swift */; };
		95FFEE9F2CD3F79B00FAADE2 /* MenuItem.swift in Sources */ = {isa = PBXBuildFile; fileRef = 95FFEE9E2CD3F79B00FAADE2 /* MenuItem.swift */; };
		95FFEEA22CD3FE3C00FAADE2 /* ExampleDatabase.xcdatamodeld in Sources */ = {isa = PBXBuildFile; fileRef = 95FFEEA02CD3FE3C00FAADE2 /* ExampleDatabase.xcdatamodeld */; };
/* End PBXBuildFile section */

/* Begin PBXFileReference section */
		954254F12CCE6A9000A152CC /* LittleLemon.app */ = {isa = PBXFileReference; explicitFileType = wrapper.application; includeInIndex = 0; path = LittleLemon.app; sourceTree = BUILT_PRODUCTS_DIR; };
		954254F42CCE6A9000A152CC /* LittleLemonApp.swift */ = {isa = PBXFileReference; lastKnownFileType = sourcecode.swift; path = LittleLemonApp.swift; sourceTree = "<group>"; };
		954254F82CCE6A9100A152CC /* Assets.xcassets */ = {isa = PBXFileReference; lastKnownFileType = folder.assetcatalog; path = Assets.xcassets; sourceTree = "<group>"; };
		954254FB2CCE6A9100A152CC /* Preview Assets.xcassets */ = {isa = PBXFileReference; lastKnownFileType = folder.assetcatalog; path = "Preview Assets.xcassets"; sourceTree = "<group>"; };
		9542550A2CCE9EC700A152CC /* Onboarding.swift */ = {isa = PBXFileReference; lastKnownFileType = sourcecode.swift; path = Onboarding.swift; sourceTree = "<group>"; };
		956100962CCEDA6E003B6862 /* UserProfile.swift */ = {isa = PBXFileReference; lastKnownFileType = sourcecode.swift; path = UserProfile.swift; sourceTree = "<group>"; };
		9566715A2CD50BFA0058BDA0 /* HeroView.swift */ = {isa = PBXFileReference; lastKnownFileType = sourcecode.swift; path = HeroView.swift; sourceTree = "<group>"; };
		9566715C2CD53A170058BDA0 /* ProfileImageView.swift */ = {isa = PBXFileReference; lastKnownFileType = sourcecode.swift; path = ProfileImageView.swift; sourceTree = "<group>"; };
		9566715E2CD53DD00058BDA0 /* HeaderView.swift */ = {isa = PBXFileReference; lastKnownFileType = sourcecode.swift; path = HeaderView.swift; sourceTree = "<group>"; };
		95A2F3322CCEAB3B005278DD /* Extensions.swift */ = {isa = PBXFileReference; lastKnownFileType = sourcecode.swift; path = Extensions.swift; sourceTree = "<group>"; };
		95A2F3352CCEBC0D005278DD /* Home.swift */ = {isa = PBXFileReference; lastKnownFileType = sourcecode.swift; path = Home.swift; sourceTree = "<group>"; };
		95A2F3372CCEBC81005278DD /* Menu.swift */ = {isa = PBXFileReference; lastKnownFileType = sourcecode.swift; path = Menu.swift; sourceTree = "<group>"; };
		95FFEE962CD3F6E300FAADE2 /* Persistence.swift */ = {isa = PBXFileReference; fileEncoding = 4; lastKnownFileType = sourcecode.swift; path = Persistence.swift; sourceTree = "<group>"; };
		95FFEE972CD3F6E300FAADE2 /* FetchedObjects.swift */ = {isa = PBXFileReference; fileEncoding = 4; lastKnownFileType = sourcecode.swift; path = FetchedObjects.swift; sourceTree = "<group>"; };
		95FFEE9B2CD3F78500FAADE2 /* MenuList.swift */ = {isa = PBXFileReference; lastKnownFileType = sourcecode.swift; path = MenuList.swift; sourceTree = "<group>"; };
		95FFEE9E2CD3F79B00FAADE2 /* MenuItem.swift */ = {isa = PBXFileReference; lastKnownFileType = sourcecode.swift; path = MenuItem.swift; sourceTree = "<group>"; };
		95FFEEA12CD3FE3C00FAADE2 /* ExampleDatabase.xcdatamodel */ = {isa = PBXFileReference; lastKnownFileType = wrapper.xcdatamodel; path = ExampleDatabase.xcdatamodel; sourceTree = "<group>"; };
/* End PBXFileReference section */

/* Begin PBXFrameworksBuildPhase section */
		954254EE2CCE6A9000A152CC /* Frameworks */ = {
			isa = PBXFrameworksBuildPhase;
			buildActionMask = 2147483647;
			files = (
			);
			runOnlyForDeploymentPostprocessing = 0;
		};
/* End PBXFrameworksBuildPhase section */

/* Begin PBXGroup section */
		954254E82CCE6A9000A152CC = {
			isa = PBXGroup;
			children = (
				954254F32CCE6A9000A152CC /* LittleLemon */,
				954254F22CCE6A9000A152CC /* Products */,
			);
			sourceTree = "<group>";
		};
		954254F22CCE6A9000A152CC /* Products */ = {
			isa = PBXGroup;
			children = (
				954254F12CCE6A9000A152CC /* LittleLemon.app */,
			);
			name = Products;
			sourceTree = "<group>";
		};
		954254F32CCE6A9000A152CC /* LittleLemon */ = {
			isa = PBXGroup;
			children = (
				954254F42CCE6A9000A152CC /* LittleLemonApp.swift */,
				95FFEE9D2CD3F78B00FAADE2 /* Models */,
				954255092CCE9EA200A152CC /* Views */,
				95A2F3342CCEAB44005278DD /* Utils */,
				95FFEE9A2CD3F6FE00FAADE2 /* CoreData */,
				954254F82CCE6A9100A152CC /* Assets.xcassets */,
				954254FA2CCE6A9100A152CC /* Preview Content */,
			);
			path = LittleLemon;
			sourceTree = "<group>";
		};
		954254FA2CCE6A9100A152CC /* Preview Content */ = {
			isa = PBXGroup;
			children = (
				954254FB2CCE6A9100A152CC /* Preview Assets.xcassets */,
			);
			path = "Preview Content";
			sourceTree = "<group>";
		};
		954255092CCE9EA200A152CC /* Views */ = {
			isa = PBXGroup;
			children = (
				95A2F3352CCEBC0D005278DD /* Home.swift */,
				9542550A2CCE9EC700A152CC /* Onboarding.swift */,
				956100962CCEDA6E003B6862 /* UserProfile.swift */,
				95A2F3372CCEBC81005278DD /* Menu.swift */,
				9566715E2CD53DD00058BDA0 /* HeaderView.swift */,
				9566715A2CD50BFA0058BDA0 /* HeroView.swift */,
				9566715C2CD53A170058BDA0 /* ProfileImageView.swift */,
			);
			path = Views;
			sourceTree = "<group>";
		};
		95A2F3342CCEAB44005278DD /* Utils */ = {
			isa = PBXGroup;
			children = (
				95A2F3322CCEAB3B005278DD /* Extensions.swift */,
			);
			path = Utils;
			sourceTree = "<group>";
		};
		95FFEE9A2CD3F6FE00FAADE2 /* CoreData */ = {
			isa = PBXGroup;
			children = (
				95FFEEA02CD3FE3C00FAADE2 /* ExampleDatabase.xcdatamodeld */,
				95FFEE972CD3F6E300FAADE2 /* FetchedObjects.swift */,
				95FFEE962CD3F6E300FAADE2 /* Persistence.swift */,
			);
			path = CoreData;
			sourceTree = "<group>";
		};
		95FFEE9D2CD3F78B00FAADE2 /* Models */ = {
			isa = PBXGroup;
			children = (
				95FFEE9B2CD3F78500FAADE2 /* MenuList.swift */,
				95FFEE9E2CD3F79B00FAADE2 /* MenuItem.swift */,
			);
			path = Models;
			sourceTree = "<group>";
		};
/* End PBXGroup section */

/* Begin PBXNativeTarget section */
		954254F02CCE6A9000A152CC /* LittleLemon */ = {
			isa = PBXNativeTarget;
			buildConfigurationList = 954254FF2CCE6A9100A152CC /* Build configuration list for PBXNativeTarget "LittleLemon" */;
			buildPhases = (
				954254ED2CCE6A9000A152CC /* Sources */,
				954254EE2CCE6A9000A152CC /* Frameworks */,
				954254EF2CCE6A9000A152CC /* Resources */,
			);
			buildRules = (
			);
			dependencies = (
			);
			name = LittleLemon;
			productName = LittleLemon;
			productReference = 954254F12CCE6A9000A152CC /* LittleLemon.app */;
			productType = "com.apple.product-type.application";
		};
/* End PBXNativeTarget section */

/* Begin PBXProject section */
		954254E92CCE6A9000A152CC /* Project object */ = {
			isa = PBXProject;
			attributes = {
				BuildIndependentTargetsInParallel = 1;
				LastSwiftUpdateCheck = 1420;
				LastUpgradeCheck = 1420;
				TargetAttributes = {
					954254F02CCE6A9000A152CC = {
						CreatedOnToolsVersion = 14.2;
					};
				};
			};
			buildConfigurationList = 954254EC2CCE6A9000A152CC /* Build configuration list for PBXProject "LittleLemon" */;
			compatibilityVersion = "Xcode 14.0";
			developmentRegion = en;
			hasScannedForEncodings = 0;
			knownRegions = (
				en,
				Base,
			);
			mainGroup = 954254E82CCE6A9000A152CC;
			productRefGroup = 954254F22CCE6A9000A152CC /* Products */;
			projectDirPath = "";
			projectRoot = "";
			targets = (
				954254F02CCE6A9000A152CC /* LittleLemon */,
			);
		};
/* End PBXProject section */

/* Begin PBXResourcesBuildPhase section */
		954254EF2CCE6A9000A152CC /* Resources */ = {
			isa = PBXResourcesBuildPhase;
			buildActionMask = 2147483647;
			files = (
				954254FC2CCE6A9100A152CC /* Preview Assets.xcassets in Resources */,
				954254F92CCE6A9100A152CC /* Assets.xcassets in Resources */,
			);
			runOnlyForDeploymentPostprocessing = 0;
		};
/* End PBXResourcesBuildPhase section */

/* Begin PBXSourcesBuildPhase section */
		954254ED2CCE6A9000A152CC /* Sources */ = {
			isa = PBXSourcesBuildPhase;
			buildActionMask = 2147483647;
			files = (
				95FFEEA22CD3FE3C00FAADE2 /* ExampleDatabase.xcdatamodeld in Sources */,
				95A2F3332CCEAB3B005278DD /* Extensions.swift in Sources */,
				9566715B2CD50BFA0058BDA0 /* HeroView.swift in Sources */,
				9542550B2CCE9EC700A152CC /* Onboarding.swift in Sources */,
				9566715D2CD53A170058BDA0 /* ProfileImageView.swift in Sources */,
				956100972CCEDA6E003B6862 /* UserProfile.swift in Sources */,
				95FFEE982CD3F6E400FAADE2 /* Persistence.swift in Sources */,
				95FFEE992CD3F6E400FAADE2 /* FetchedObjects.swift in Sources */,
				95A2F3362CCEBC0D005278DD /* Home.swift in Sources */,
				954254F52CCE6A9000A152CC /* LittleLemonApp.swift in Sources */,
				95FFEE9C2CD3F78500FAADE2 /* MenuList.swift in Sources */,
				95A2F3382CCEBC81005278DD /* Menu.swift in Sources */,
				95FFEE9F2CD3F79B00FAADE2 /* MenuItem.swift in Sources */,
				9566715F2CD53DD00058BDA0 /* HeaderView.swift in Sources */,
			);
			runOnlyForDeploymentPostprocessing = 0;
		};
/* End PBXSourcesBuildPhase section */

/* Begin XCBuildConfiguration section */
		954254FD2CCE6A9100A152CC /* Debug */ = {
			isa = XCBuildConfiguration;
			buildSettings = {
				ALWAYS_SEARCH_USER_PATHS = NO;
				CLANG_ANALYZER_NONNULL = YES;
				CLANG_ANALYZER_NUMBER_OBJECT_CONVERSION = YES_AGGRESSIVE;
				CLANG_CXX_LANGUAGE_STANDARD = "gnu++20";
				CLANG_ENABLE_MODULES = YES;
				CLANG_ENABLE_OBJC_ARC = YES;
				CLANG_ENABLE_OBJC_WEAK = YES;
				CLANG_WARN_BLOCK_CAPTURE_AUTORELEASING = YES;
				CLANG_WARN_BOOL_CONVERSION = YES;
				CLANG_WARN_COMMA = YES;
				CLANG_WARN_CONSTANT_CONVERSION = YES;
				CLANG_WARN_DEPRECATED_OBJC_IMPLEMENTATIONS = YES;
				CLANG_WARN_DIRECT_OBJC_ISA_USAGE = YES_ERROR;
				CLANG_WARN_DOCUMENTATION_COMMENTS = YES;
				CLANG_WARN_EMPTY_BODY = YES;
				CLANG_WARN_ENUM_CONVERSION = YES;
				CLANG_WARN_INFINITE_RECURSION = YES;
				CLANG_WARN_INT_CONVERSION = YES;
				CLANG_WARN_NON_LITERAL_NULL_CONVERSION = YES;
				CLANG_WARN_OBJC_IMPLICIT_RETAIN_SELF = YES;
				CLANG_WARN_OBJC_LITERAL_CONVERSION = YES;
				CLANG_WARN_OBJC_ROOT_CLASS = YES_ERROR;
				CLANG_WARN_QUOTED_INCLUDE_IN_FRAMEWORK_HEADER = YES;
				CLANG_WARN_RANGE_LOOP_ANALYSIS = YES;
				CLANG_WARN_STRICT_PROTOTYPES = YES;
				CLANG_WARN_SUSPICIOUS_MOVE = YES;
				CLANG_WARN_UNGUARDED_AVAILABILITY = YES_AGGRESSIVE;
				CLANG_WARN_UNREACHABLE_CODE = YES;
				CLANG_WARN__DUPLICATE_METHOD_MATCH = YES;
				COPY_PHASE_STRIP = NO;
				DEBUG_INFORMATION_FORMAT = dwarf;
				ENABLE_STRICT_OBJC_MSGSEND = YES;
				ENABLE_TESTABILITY = YES;
				GCC_C_LANGUAGE_STANDARD = gnu11;
				GCC_DYNAMIC_NO_PIC = NO;
				GCC_NO_COMMON_BLOCKS = YES;
				GCC_OPTIMIZATION_LEVEL = 0;
				GCC_PREPROCESSOR_DEFINITIONS = (
					"DEBUG=1",
					"$(inherited)",
				);
				GCC_WARN_64_TO_32_BIT_CONVERSION = YES;
				GCC_WARN_ABOUT_RETURN_TYPE = YES_ERROR;
				GCC_WARN_UNDECLARED_SELECTOR = YES;
				GCC_WARN_UNINITIALIZED_AUTOS = YES_AGGRESSIVE;
				GCC_WARN_UNUSED_FUNCTION = YES;
				GCC_WARN_UNUSED_VARIABLE = YES;
				IPHONEOS_DEPLOYMENT_TARGET = 16.2;
				MTL_ENABLE_DEBUG_INFO = INCLUDE_SOURCE;
				MTL_FAST_MATH = YES;
				ONLY_ACTIVE_ARCH = YES;
				SDKROOT = iphoneos;
				SWIFT_ACTIVE_COMPILATION_CONDITIONS = DEBUG;
				SWIFT_OPTIMIZATION_LEVEL = "-Onone";
			};
			name = Debug;
		};
		954254FE2CCE6A9100A152CC /* Release */ = {
			isa = XCBuildConfiguration;
			buildSettings = {
				ALWAYS_SEARCH_USER_PATHS = NO;
				CLANG_ANALYZER_NONNULL = YES;
				CLANG_ANALYZER_NUMBER_OBJECT_CONVERSION = YES_AGGRESSIVE;
				CLANG_CXX_LANGUAGE_STANDARD = "gnu++20";
				CLANG_ENABLE_MODULES = YES;
				CLANG_ENABLE_OBJC_ARC = YES;
				CLANG_ENABLE_OBJC_WEAK = YES;
				CLANG_WARN_BLOCK_CAPTURE_AUTORELEASING = YES;
				CLANG_WARN_BOOL_CONVERSION = YES;
				CLANG_WARN_COMMA = YES;
				CLANG_WARN_CONSTANT_CONVERSION = YES;
				CLANG_WARN_DEPRECATED_OBJC_IMPLEMENTATIONS = YES;
				CLANG_WARN_DIRECT_OBJC_ISA_USAGE = YES_ERROR;
				CLANG_WARN_DOCUMENTATION_COMMENTS = YES;
				CLANG_WARN_EMPTY_BODY = YES;
				CLANG_WARN_ENUM_CONVERSION = YES;
				CLANG_WARN_INFINITE_RECURSION = YES;
				CLANG_WARN_INT_CONVERSION = YES;
				CLANG_WARN_NON_LITERAL_NULL_CONVERSION = YES;
				CLANG_WARN_OBJC_IMPLICIT_RETAIN_SELF = YES;
				CLANG_WARN_OBJC_LITERAL_CONVERSION = YES;
				CLANG_WARN_OBJC_ROOT_CLASS = YES_ERROR;
				CLANG_WARN_QUOTED_INCLUDE_IN_FRAMEWORK_HEADER = YES;
				CLANG_WARN_RANGE_LOOP_ANALYSIS = YES;
				CLANG_WARN_STRICT_PROTOTYPES = YES;
				CLANG_WARN_SUSPICIOUS_MOVE = YES;
				CLANG_WARN_UNGUARDED_AVAILABILITY = YES_AGGRESSIVE;
				CLANG_WARN_UNREACHABLE_CODE = YES;
				CLANG_WARN__DUPLICATE_METHOD_MATCH = YES;
				COPY_PHASE_STRIP = NO;
				DEBUG_INFORMATION_FORMAT = "dwarf-with-dsym";
				ENABLE_NS_ASSERTIONS = NO;
				ENABLE_STRICT_OBJC_MSGSEND = YES;
				GCC_C_LANGUAGE_STANDARD = gnu11;
				GCC_NO_COMMON_BLOCKS = YES;
				GCC_WARN_64_TO_32_BIT_CONVERSION = YES;
				GCC_WARN_ABOUT_RETURN_TYPE = YES_ERROR;
				GCC_WARN_UNDECLARED_SELECTOR = YES;
				GCC_WARN_UNINITIALIZED_AUTOS = YES_AGGRESSIVE;
				GCC_WARN_UNUSED_FUNCTION = YES;
				GCC_WARN_UNUSED_VARIABLE = YES;
				IPHONEOS_DEPLOYMENT_TARGET = 16.2;
				MTL_ENABLE_DEBUG_INFO = NO;
				MTL_FAST_MATH = YES;
				SDKROOT = iphoneos;
				SWIFT_COMPILATION_MODE = wholemodule;
				SWIFT_OPTIMIZATION_LEVEL = "-O";
				VALIDATE_PRODUCT = YES;
			};
			name = Release;
		};
		954255002CCE6A9100A152CC /* Debug */ = {
			isa = XCBuildConfiguration;
			buildSettings = {
				ASSETCATALOG_COMPILER_APPICON_NAME = AppIcon;
				ASSETCATALOG_COMPILER_GLOBAL_ACCENT_COLOR_NAME = AccentColor;
				CODE_SIGN_STYLE = Automatic;
				CURRENT_PROJECT_VERSION = 1;
				DEVELOPMENT_ASSET_PATHS = "\"LittleLemon/Preview Content\"";
				DEVELOPMENT_TEAM = V49YJHMDHJ;
				ENABLE_PREVIEWS = YES;
				GENERATE_INFOPLIST_FILE = YES;
				INFOPLIST_KEY_UIApplicationSceneManifest_Generation = YES;
				INFOPLIST_KEY_UIApplicationSupportsIndirectInputEvents = YES;
				INFOPLIST_KEY_UILaunchScreen_Generation = YES;
				INFOPLIST_KEY_UISupportedInterfaceOrientations_iPad = "UIInterfaceOrientationPortrait UIInterfaceOrientationPortraitUpsideDown UIInterfaceOrientationLandscapeLeft UIInterfaceOrientationLandscapeRight";
				INFOPLIST_KEY_UISupportedInterfaceOrientations_iPhone = "UIInterfaceOrientationPortrait UIInterfaceOrientationLandscapeLeft UIInterfaceOrientationLandscapeRight";
				LD_RUNPATH_SEARCH_PATHS = (
					"$(inherited)",
					"@executable_path/Frameworks",
				);
				MARKETING_VERSION = 1.0;
				PRODUCT_BUNDLE_IDENTIFIER = com.annaizzo.LittleLemon;
				PRODUCT_NAME = "$(TARGET_NAME)";
				SWIFT_EMIT_LOC_STRINGS = YES;
				SWIFT_VERSION = 5.0;
				TARGETED_DEVICE_FAMILY = "1,2";
			};
			name = Debug;
		};
		954255012CCE6A9100A152CC /* Release */ = {
			isa = XCBuildConfiguration;
			buildSettings = {
				ASSETCATALOG_COMPILER_APPICON_NAME = AppIcon;
				ASSETCATALOG_COMPILER_GLOBAL_ACCENT_COLOR_NAME = AccentColor;
				CODE_SIGN_STYLE = Automatic;
				CURRENT_PROJECT_VERSION = 1;
				DEVELOPMENT_ASSET_PATHS = "\"LittleLemon/Preview Content\"";
				DEVELOPMENT_TEAM = V49YJHMDHJ;
				ENABLE_PREVIEWS = YES;
				GENERATE_INFOPLIST_FILE = YES;
				INFOPLIST_KEY_UIApplicationSceneManifest_Generation = YES;
				INFOPLIST_KEY_UIApplicationSupportsIndirectInputEvents = YES;
				INFOPLIST_KEY_UILaunchScreen_Generation = YES;
				INFOPLIST_KEY_UISupportedInterfaceOrientations_iPad = "UIInterfaceOrientationPortrait UIInterfaceOrientationPortraitUpsideDown UIInterfaceOrientationLandscapeLeft UIInterfaceOrientationLandscapeRight";
				INFOPLIST_KEY_UISupportedInterfaceOrientations_iPhone = "UIInterfaceOrientationPortrait UIInterfaceOrientationLandscapeLeft UIInterfaceOrientationLandscapeRight";
				LD_RUNPATH_SEARCH_PATHS = (
					"$(inherited)",
					"@executable_path/Frameworks",
				);
				MARKETING_VERSION = 1.0;
				PRODUCT_BUNDLE_IDENTIFIER = com.annaizzo.LittleLemon;
				PRODUCT_NAME = "$(TARGET_NAME)";
				SWIFT_EMIT_LOC_STRINGS = YES;
				SWIFT_VERSION = 5.0;
				TARGETED_DEVICE_FAMILY = "1,2";
			};
			name = Release;
		};
/* End XCBuildConfiguration section */

/* Begin XCConfigurationList section */
		954254EC2CCE6A9000A152CC /* Build configuration list for PBXProject "LittleLemon" */ = {
			isa = XCConfigurationList;
			buildConfigurations = (
				954254FD2CCE6A9100A152CC /* Debug */,
				954254FE2CCE6A9100A152CC /* Release */,
			);
			defaultConfigurationIsVisible = 0;
			defaultConfigurationName = Release;
		};
		954254FF2CCE6A9100A152CC /* Build configuration list for PBXNativeTarget "LittleLemon" */ = {
			isa = XCConfigurationList;
			buildConfigurations = (
				954255002CCE6A9100A152CC /* Debug */,
				954255012CCE6A9100A152CC /* Release */,
			);
			defaultConfigurationIsVisible = 0;
			defaultConfigurationName = Release;
		};
/* End XCConfigurationList section */

/* Begin XCVersionGroup section */
		95FFEEA02CD3FE3C00FAADE2 /* ExampleDatabase.xcdatamodeld */ = {
			isa = XCVersionGroup;
			children = (
				95FFEEA12CD3FE3C00FAADE2 /* ExampleDatabase.xcdatamodel */,
			);
			currentVersion = 95FFEEA12CD3FE3C00FAADE2 /* ExampleDatabase.xcdatamodel */;
			path = ExampleDatabase.xcdatamodeld;
			sourceTree = "<group>";
			versionGroupType = wrapper.xcdatamodel;
		};
/* End XCVersionGroup section */
	};
	rootObject = 954254E92CCE6A9000A152CC /* Project object */;
}
